
Microsoft Visual Studio Solution File, Format Version 12.00
# Visual Studio Version 17
VisualStudioVersion = 17.5.33502.453
MinimumVisualStudioVersion = 10.0.40219.1
Project("{9A19103F-16F7-4668-BE54-9A1E7A4F7556}") = "ProductsMarket.Mvc", "src\ProductsMarket.Mvc\ProductsMarket.Mvc.csproj", "{66885C72-D27D-4DD1-A78A-122A9ACBC7F8}"
EndProject
Project("{2150E333-8FDC-42A3-9474-1A3956D46DE8}") = "src", "src", "{752D41FB-46D0-45B5-A56C-050559C56103}"
EndProject
Project("{9A19103F-16F7-4668-BE54-9A1E7A4F7556}") = "ProductsMarket.Service", "src\ProductsMarket.Service\ProductsMarket.Service.csproj", "{DEB29F61-87CB-4E09-B5F4-13BFDDDC2A44}"
EndProject
Project("{9A19103F-16F7-4668-BE54-9A1E7A4F7556}") = "ProductsMarket.Domain", "src\ProductsMarket.Domain\ProductsMarket.Domain.csproj", "{C431C6D5-113F-46BE-A542-9F59D73FD6BD}"
EndProject
Project("{9A19103F-16F7-4668-BE54-9A1E7A4F7556}") = "ProductsMarket.DataAccess", "src\ProductsMarket.DataAccess\ProductsMarket.DataAccess.csproj", "{617BA5D0-E5D5-4313-86E4-B456409326CB}"
EndProject
Global
	GlobalSection(SolutionConfigurationPlatforms) = preSolution
		Debug|Any CPU = Debug|Any CPU
		Release|Any CPU = Release|Any CPU
	EndGlobalSection
	GlobalSection(ProjectConfigurationPlatforms) = postSolution
		{66885C72-D27D-4DD1-A78A-122A9ACBC7F8}.Debug|Any CPU.ActiveCfg = Debug|Any CPU
		{66885C72-D27D-4DD1-A78A-122A9ACBC7F8}.Debug|Any CPU.Build.0 = Debug|Any CPU
		{66885C72-D27D-4DD1-A78A-122A9ACBC7F8}.Release|Any CPU.ActiveCfg = Release|Any CPU
		{66885C72-D27D-4DD1-A78A-122A9ACBC7F8}.Release|Any CPU.Build.0 = Release|Any CPU
		{DEB29F61-87CB-4E09-B5F4-13BFDDDC2A44}.Debug|Any CPU.ActiveCfg = Debug|Any CPU
		{DEB29F61-87CB-4E09-B5F4-13BFDDDC2A44}.Debug|Any CPU.Build.0 = Debug|Any CPU
		{DEB29F61-87CB-4E09-B5F4-13BFDDDC2A44}.Release|Any CPU.ActiveCfg = Release|Any CPU
		{DEB29F61-87CB-4E09-B5F4-13BFDDDC2A44}.Release|Any CPU.Build.0 = Release|Any CPU
		{C431C6D5-113F-46BE-A542-9F59D73FD6BD}.Debug|Any CPU.ActiveCfg = Debug|Any CPU
		{C431C6D5-113F-46BE-A542-9F59D73FD6BD}.Debug|Any CPU.Build.0 = Debug|Any CPU
		{C431C6D5-113F-46BE-A542-9F59D73FD6BD}.Release|Any CPU.ActiveCfg = Release|Any CPU
		{C431C6D5-113F-46BE-A542-9F59D73FD6BD}.Release|Any CPU.Build.0 = Release|Any CPU
		{617BA5D0-E5D5-4313-86E4-B456409326CB}.Debug|Any CPU.ActiveCfg = Debug|Any CPU
		{617BA5D0-E5D5-4313-86E4-B456409326CB}.Debug|Any CPU.Build.0 = Debug|Any CPU
		{617BA5D0-E5D5-4313-86E4-B456409326CB}.Release|Any CPU.ActiveCfg = Release|Any CPU
		{617BA5D0-E5D5-4313-86E4-B456409326CB}.Release|Any CPU.Build.0 = Release|Any CPU
	EndGlobalSection
	GlobalSection(SolutionProperties) = preSolution
		HideSolutionNode = FALSE
	EndGlobalSection
	GlobalSection(NestedProjects) = preSolution
		{66885C72-D27D-4DD1-A78A-122A9ACBC7F8} = {752D41FB-46D0-45B5-A56C-050559C56103}
		{DEB29F61-87CB-4E09-B5F4-13BFDDDC2A44} = {752D41FB-46D0-45B5-A56C-050559C56103}
		{C431C6D5-113F-46BE-A542-9F59D73FD6BD} = {752D41FB-46D0-45B5-A56C-050559C56103}
		{617BA5D0-E5D5-4313-86E4-B456409326CB} = {752D41FB-46D0-45B5-A56C-050559C56103}
	EndGlobalSection
	GlobalSection(ExtensibilityGlobals) = postSolution
		SolutionGuid = {44B98184-DA5C-4CE0-850A-35879F165D68}
	EndGlobalSection
EndGlobal
