
Microsoft Visual Studio Solution File, Format Version 12.00
# Visual Studio Version 17
VisualStudioVersion = 17.5.33502.453
MinimumVisualStudioVersion = 10.0.40219.1
Project("{FAE04EC0-301F-11D3-BF4B-00C04F79EFBC}") = "Artsofte.Mvc", "Artsofte.Mvc\Artsofte.Mvc.csproj", "{F1B0664F-2D2D-4E57-BDFA-37716D2BBF4E}"
EndProject
Project("{FAE04EC0-301F-11D3-BF4B-00C04F79EFBC}") = "Artsofte.Service", "Artsofte.Service\Artsofte.Service.csproj", "{85EDA7B3-2CCA-48FF-A5CB-9AC8E6AE93B1}"
EndProject
Project("{FAE04EC0-301F-11D3-BF4B-00C04F79EFBC}") = "Artsofte.Domain", "Artsofte.Domain\Artsofte.Domain.csproj", "{E57CEADF-F513-43CF-9DD9-DFFC35D64149}"
EndProject
Project("{FAE04EC0-301F-11D3-BF4B-00C04F79EFBC}") = "Artsofte.DataAccess", "Artsofte.DataAccess\Artsofte.DataAccess.csproj", "{0D1AF13E-941C-4CFD-8A80-3C4A07DD9839}"
EndProject
Global
	GlobalSection(SolutionConfigurationPlatforms) = preSolution
		Debug|Any CPU = Debug|Any CPU
		Release|Any CPU = Release|Any CPU
	EndGlobalSection
	GlobalSection(ProjectConfigurationPlatforms) = postSolution
		{F1B0664F-2D2D-4E57-BDFA-37716D2BBF4E}.Debug|Any CPU.ActiveCfg = Debug|Any CPU
		{F1B0664F-2D2D-4E57-BDFA-37716D2BBF4E}.Debug|Any CPU.Build.0 = Debug|Any CPU
		{F1B0664F-2D2D-4E57-BDFA-37716D2BBF4E}.Release|Any CPU.ActiveCfg = Release|Any CPU
		{F1B0664F-2D2D-4E57-BDFA-37716D2BBF4E}.Release|Any CPU.Build.0 = Release|Any CPU
		{85EDA7B3-2CCA-48FF-A5CB-9AC8E6AE93B1}.Debug|Any CPU.ActiveCfg = Debug|Any CPU
		{85EDA7B3-2CCA-48FF-A5CB-9AC8E6AE93B1}.Debug|Any CPU.Build.0 = Debug|Any CPU
		{85EDA7B3-2CCA-48FF-A5CB-9AC8E6AE93B1}.Release|Any CPU.ActiveCfg = Release|Any CPU
		{85EDA7B3-2CCA-48FF-A5CB-9AC8E6AE93B1}.Release|Any CPU.Build.0 = Release|Any CPU
		{E57CEADF-F513-43CF-9DD9-DFFC35D64149}.Debug|Any CPU.ActiveCfg = Debug|Any CPU
		{E57CEADF-F513-43CF-9DD9-DFFC35D64149}.Debug|Any CPU.Build.0 = Debug|Any CPU
		{E57CEADF-F513-43CF-9DD9-DFFC35D64149}.Release|Any CPU.ActiveCfg = Release|Any CPU
		{E57CEADF-F513-43CF-9DD9-DFFC35D64149}.Release|Any CPU.Build.0 = Release|Any CPU
		{0D1AF13E-941C-4CFD-8A80-3C4A07DD9839}.Debug|Any CPU.ActiveCfg = Debug|Any CPU
		{0D1AF13E-941C-4CFD-8A80-3C4A07DD9839}.Debug|Any CPU.Build.0 = Debug|Any CPU
		{0D1AF13E-941C-4CFD-8A80-3C4A07DD9839}.Release|Any CPU.ActiveCfg = Release|Any CPU
		{0D1AF13E-941C-4CFD-8A80-3C4A07DD9839}.Release|Any CPU.Build.0 = Release|Any CPU
	EndGlobalSection
	GlobalSection(SolutionProperties) = preSolution
		HideSolutionNode = FALSE
	EndGlobalSection
	GlobalSection(ExtensibilityGlobals) = postSolution
		SolutionGuid = {8ECF14E0-6735-47CF-AAFA-ECF8BBC58B82}
	EndGlobalSection
EndGlobal
